// !$*UTF8*$!
{
	archiveVersion = 1;
	classes = {
	};
	objectVersion = 50;
	objects = {

/* Begin PBXBuildFile section */
		1D10F5362089A7E10029A2A1 /* AppDelegate.swift in Sources */ = {isa = PBXBuildFile; fileRef = 1D10F5352089A7E10029A2A1 /* AppDelegate.swift */; };
		1D10F5382089A7E10029A2A1 /* ViewController.swift in Sources */ = {isa = PBXBuildFile; fileRef = 1D10F5372089A7E10029A2A1 /* ViewController.swift */; };
		1D10F53B2089A7E10029A2A1 /* Main.storyboard in Resources */ = {isa = PBXBuildFile; fileRef = 1D10F5392089A7E10029A2A1 /* Main.storyboard */; };
		1D10F53D2089A7E40029A2A1 /* Assets.xcassets in Resources */ = {isa = PBXBuildFile; fileRef = 1D10F53C2089A7E40029A2A1 /* Assets.xcassets */; };
		1D10F5402089A7E40029A2A1 /* LaunchScreen.storyboard in Resources */ = {isa = PBXBuildFile; fileRef = 1D10F53E2089A7E40029A2A1 /* LaunchScreen.storyboard */; };
		1D10F54B2089A7E40029A2A1 /* ContainerVCDemoTests.swift in Sources */ = {isa = PBXBuildFile; fileRef = 1D10F54A2089A7E40029A2A1 /* ContainerVCDemoTests.swift */; };
		1D10F5562089A7E40029A2A1 /* ContainerVCDemoUITests.swift in Sources */ = {isa = PBXBuildFile; fileRef = 1D10F5552089A7E40029A2A1 /* ContainerVCDemoUITests.swift */; };
/* End PBXBuildFile section */

/* Begin PBXContainerItemProxy section */
		1D10F5472089A7E40029A2A1 /* PBXContainerItemProxy */ = {
			isa = PBXContainerItemProxy;
			containerPortal = 1D10F52A2089A7E10029A2A1 /* Project object */;
			proxyType = 1;
			remoteGlobalIDString = 1D10F5312089A7E10029A2A1;
			remoteInfo = ContainerVCDemo;
		};
		1D10F5522089A7E40029A2A1 /* PBXContainerItemProxy */ = {
			isa = PBXContainerItemProxy;
			containerPortal = 1D10F52A2089A7E10029A2A1 /* Project object */;
			proxyType = 1;
			remoteGlobalIDString = 1D10F5312089A7E10029A2A1;
			remoteInfo = ContainerVCDemo;
		};
/* End PBXContainerItemProxy section */

/* Begin PBXFileReference section */
		1D10F5322089A7E10029A2A1 /* ContainerVCDemo.app */ = {isa = PBXFileReference; explicitFileType = wrapper.application; includeInIndex = 0; path = ContainerVCDemo.app; sourceTree = BUILT_PRODUCTS_DIR; };
		1D10F5352089A7E10029A2A1 /* AppDelegate.swift */ = {isa = PBXFileReference; lastKnownFileType = sourcecode.swift; path = AppDelegate.swift; sourceTree = "<group>"; };
		1D10F5372089A7E10029A2A1 /* ViewController.swift */ = {isa = PBXFileReference; lastKnownFileType = sourcecode.swift; path = ViewController.swift; sourceTree = "<group>"; };
		1D10F53A2089A7E10029A2A1 /* Base */ = {isa = PBXFileReference; lastKnownFileType = file.storyboard; name = Base; path = Base.lproj/Main.storyboard; sourceTree = "<group>"; };
		1D10F53C2089A7E40029A2A1 /* Assets.xcassets */ = {isa = PBXFileReference; lastKnownFileType = folder.assetcatalog; path = Assets.xcassets; sourceTree = "<group>"; };
		1D10F53F2089A7E40029A2A1 /* Base */ = {isa = PBXFileReference; lastKnownFileType = file.storyboard; name = Base; path = Base.lproj/LaunchScreen.storyboard; sourceTree = "<group>"; };
		1D10F5412089A7E40029A2A1 /* Info.plist */ = {isa = PBXFileReference; lastKnownFileType = text.plist.xml; path = Info.plist; sourceTree = "<group>"; };
		1D10F5462089A7E40029A2A1 /* ContainerVCDemoTests.xctest */ = {isa = PBXFileReference; explicitFileType = wrapper.cfbundle; includeInIndex = 0; path = ContainerVCDemoTests.xctest; sourceTree = BUILT_PRODUCTS_DIR; };
		1D10F54A2089A7E40029A2A1 /* ContainerVCDemoTests.swift */ = {isa = PBXFileReference; lastKnownFileType = sourcecode.swift; path = ContainerVCDemoTests.swift; sourceTree = "<group>"; };
		1D10F54C2089A7E40029A2A1 /* Info.plist */ = {isa = PBXFileReference; lastKnownFileType = text.plist.xml; path = Info.plist; sourceTree = "<group>"; };
		1D10F5512089A7E40029A2A1 /* ContainerVCDemoUITests.xctest */ = {isa = PBXFileReference; explicitFileType = wrapper.cfbundle; includeInIndex = 0; path = ContainerVCDemoUITests.xctest; sourceTree = BUILT_PRODUCTS_DIR; };
		1D10F5552089A7E40029A2A1 /* ContainerVCDemoUITests.swift */ = {isa = PBXFileReference; lastKnownFileType = sourcecode.swift; path = ContainerVCDemoUITests.swift; sourceTree = "<group>"; };
		1D10F5572089A7E40029A2A1 /* Info.plist */ = {isa = PBXFileReference; lastKnownFileType = text.plist.xml; path = Info.plist; sourceTree = "<group>"; };
/* End PBXFileReference section */

/* Begin PBXFrameworksBuildPhase section */
		1D10F52F2089A7E10029A2A1 /* Frameworks */ = {
			isa = PBXFrameworksBuildPhase;
			buildActionMask = 2147483647;
			files = (
			);
			runOnlyForDeploymentPostprocessing = 0;
		};
		1D10F5432089A7E40029A2A1 /* Frameworks */ = {
			isa = PBXFrameworksBuildPhase;
			buildActionMask = 2147483647;
			files = (
			);
			runOnlyForDeploymentPostprocessing = 0;
		};
		1D10F54E2089A7E40029A2A1 /* Frameworks */ = {
			isa = PBXFrameworksBuildPhase;
			buildActionMask = 2147483647;
			files = (
			);
			runOnlyForDeploymentPostprocessing = 0;
		};
/* End PBXFrameworksBuildPhase section */

/* Begin PBXGroup section */
		1D10F5292089A7E10029A2A1 = {
			isa = PBXGroup;
			children = (
				1D10F5342089A7E10029A2A1 /* ContainerVCDemo */,
				1D10F5492089A7E40029A2A1 /* ContainerVCDemoTests */,
				1D10F5542089A7E40029A2A1 /* ContainerVCDemoUITests */,
				1D10F5332089A7E10029A2A1 /* Products */,
			);
			sourceTree = "<group>";
		};
		1D10F5332089A7E10029A2A1 /* Products */ = {
			isa = PBXGroup;
			children = (
				1D10F5322089A7E10029A2A1 /* ContainerVCDemo.app */,
				1D10F5462089A7E40029A2A1 /* ContainerVCDemoTests.xctest */,
				1D10F5512089A7E40029A2A1 /* ContainerVCDemoUITests.xctest */,
			);
			name = Products;
			sourceTree = "<group>";
		};
		1D10F5342089A7E10029A2A1 /* ContainerVCDemo */ = {
			isa = PBXGroup;
			children = (
				1D10F5352089A7E10029A2A1 /* AppDelegate.swift */,
				1D10F5372089A7E10029A2A1 /* ViewController.swift */,
				1D10F5392089A7E10029A2A1 /* Main.storyboard */,
				1D10F53C2089A7E40029A2A1 /* Assets.xcassets */,
				1D10F53E2089A7E40029A2A1 /* LaunchScreen.storyboard */,
				1D10F5412089A7E40029A2A1 /* Info.plist */,
			);
			path = ContainerVCDemo;
			sourceTree = "<group>";
		};
		1D10F5492089A7E40029A2A1 /* ContainerVCDemoTests */ = {
			isa = PBXGroup;
			children = (
				1D10F54A2089A7E40029A2A1 /* ContainerVCDemoTests.swift */,
				1D10F54C2089A7E40029A2A1 /* Info.plist */,
			);
			path = ContainerVCDemoTests;
			sourceTree = "<group>";
		};
		1D10F5542089A7E40029A2A1 /* ContainerVCDemoUITests */ = {
			isa = PBXGroup;
			children = (
				1D10F5552089A7E40029A2A1 /* ContainerVCDemoUITests.swift */,
				1D10F5572089A7E40029A2A1 /* Info.plist */,
			);
			path = ContainerVCDemoUITests;
			sourceTree = "<group>";
		};
/* End PBXGroup section */

/* Begin PBXNativeTarget section */
		1D10F5312089A7E10029A2A1 /* ContainerVCDemo */ = {
			isa = PBXNativeTarget;
			buildConfigurationList = 1D10F55A2089A7E40029A2A1 /* Build configuration list for PBXNativeTarget "ContainerVCDemo" */;
			buildPhases = (
				1D10F52E2089A7E10029A2A1 /* Sources */,
				1D10F52F2089A7E10029A2A1 /* Frameworks */,
				1D10F5302089A7E10029A2A1 /* Resources */,
			);
			buildRules = (
			);
			dependencies = (
			);
			name = ContainerVCDemo;
			productName = ContainerVCDemo;
			productReference = 1D10F5322089A7E10029A2A1 /* ContainerVCDemo.app */;
			productType = "com.apple.product-type.application";
		};
		1D10F5452089A7E40029A2A1 /* ContainerVCDemoTests */ = {
			isa = PBXNativeTarget;
			buildConfigurationList = 1D10F55D2089A7E40029A2A1 /* Build configuration list for PBXNativeTarget "ContainerVCDemoTests" */;
			buildPhases = (
				1D10F5422089A7E40029A2A1 /* Sources */,
				1D10F5432089A7E40029A2A1 /* Frameworks */,
				1D10F5442089A7E40029A2A1 /* Resources */,
			);
			buildRules = (
			);
			dependencies = (
				1D10F5482089A7E40029A2A1 /* PBXTargetDependency */,
			);
			name = ContainerVCDemoTests;
			productName = ContainerVCDemoTests;
			productReference = 1D10F5462089A7E40029A2A1 /* ContainerVCDemoTests.xctest */;
			productType = "com.apple.product-type.bundle.unit-test";
		};
		1D10F5502089A7E40029A2A1 /* ContainerVCDemoUITests */ = {
			isa = PBXNativeTarget;
			buildConfigurationList = 1D10F5602089A7E40029A2A1 /* Build configuration list for PBXNativeTarget "ContainerVCDemoUITests" */;
			buildPhases = (
				1D10F54D2089A7E40029A2A1 /* Sources */,
				1D10F54E2089A7E40029A2A1 /* Frameworks */,
				1D10F54F2089A7E40029A2A1 /* Resources */,
			);
			buildRules = (
			);
			dependencies = (
				1D10F5532089A7E40029A2A1 /* PBXTargetDependency */,
			);
			name = ContainerVCDemoUITests;
			productName = ContainerVCDemoUITests;
			productReference = 1D10F5512089A7E40029A2A1 /* ContainerVCDemoUITests.xctest */;
			productType = "com.apple.product-type.bundle.ui-testing";
		};
/* End PBXNativeTarget section */

/* Begin PBXProject section */
		1D10F52A2089A7E10029A2A1 /* Project object */ = {
			isa = PBXProject;
			attributes = {
				LastSwiftUpdateCheck = 0930;
				LastUpgradeCheck = 0930;
				ORGANIZATIONNAME = "vedashree k";
				TargetAttributes = {
					1D10F5312089A7E10029A2A1 = {
						CreatedOnToolsVersion = 9.3;
					};
					1D10F5452089A7E40029A2A1 = {
						CreatedOnToolsVersion = 9.3;
						TestTargetID = 1D10F5312089A7E10029A2A1;
					};
					1D10F5502089A7E40029A2A1 = {
						CreatedOnToolsVersion = 9.3;
						TestTargetID = 1D10F5312089A7E10029A2A1;
					};
				};
			};
			buildConfigurationList = 1D10F52D2089A7E10029A2A1 /* Build configuration list for PBXProject "ContainerVCDemo" */;
			compatibilityVersion = "Xcode 9.3";
			developmentRegion = en;
			hasScannedForEncodings = 0;
			knownRegions = (
				en,
				Base,
			);
			mainGroup = 1D10F5292089A7E10029A2A1;
			productRefGroup = 1D10F5332089A7E10029A2A1 /* Products */;
			projectDirPath = "";
			projectRoot = "";
			targets = (
				1D10F5312089A7E10029A2A1 /* ContainerVCDemo */,
				1D10F5452089A7E40029A2A1 /* ContainerVCDemoTests */,
				1D10F5502089A7E40029A2A1 /* ContainerVCDemoUITests */,
			);
		};
/* End PBXProject section */

/* Begin PBXResourcesBuildPhase section */
		1D10F5302089A7E10029A2A1 /* Resources */ = {
			isa = PBXResourcesBuildPhase;
			buildActionMask = 2147483647;
			files = (
				1D10F5402089A7E40029A2A1 /* LaunchScreen.storyboard in Resources */,
				1D10F53D2089A7E40029A2A1 /* Assets.xcassets in Resources */,
				1D10F53B2089A7E10029A2A1 /* Main.storyboard in Resources */,
			);
			runOnlyForDeploymentPostprocessing = 0;
		};
		1D10F5442089A7E40029A2A1 /* Resources */ = {
			isa = PBXResourcesBuildPhase;
			buildActionMask = 2147483647;
			files = (
			);
			runOnlyForDeploymentPostprocessing = 0;
		};
		1D10F54F2089A7E40029A2A1 /* Resources */ = {
			isa = PBXResourcesBuildPhase;
			buildActionMask = 2147483647;
			files = (
			);
			runOnlyForDeploymentPostprocessing = 0;
		};
/* End PBXResourcesBuildPhase section */

/* Begin PBXSourcesBuildPhase section */
		1D10F52E2089A7E10029A2A1 /* Sources */ = {
			isa = PBXSourcesBuildPhase;
			buildActionMask = 2147483647;
			files = (
				1D10F5382089A7E10029A2A1 /* ViewController.swift in Sources */,
				1D10F5362089A7E10029A2A1 /* AppDelegate.swift in Sources */,
			);
			runOnlyForDeploymentPostprocessing = 0;
		};
		1D10F5422089A7E40029A2A1 /* Sources */ = {
			isa = PBXSourcesBuildPhase;
			buildActionMask = 2147483647;
			files = (
				1D10F54B2089A7E40029A2A1 /* ContainerVCDemoTests.swift in Sources */,
			);
			runOnlyForDeploymentPostprocessing = 0;
		};
		1D10F54D2089A7E40029A2A1 /* Sources */ = {
			isa = PBXSourcesBuildPhase;
			buildActionMask = 2147483647;
			files = (
				1D10F5562089A7E40029A2A1 /* ContainerVCDemoUITests.swift in Sources */,
			);
			runOnlyForDeploymentPostprocessing = 0;
		};
/* End PBXSourcesBuildPhase section */

/* Begin PBXTargetDependency section */
		1D10F5482089A7E40029A2A1 /* PBXTargetDependency */ = {
			isa = PBXTargetDependency;
			target = 1D10F5312089A7E10029A2A1 /* ContainerVCDemo */;
			targetProxy = 1D10F5472089A7E40029A2A1 /* PBXContainerItemProxy */;
		};
		1D10F5532089A7E40029A2A1 /* PBXTargetDependency */ = {
			isa = PBXTargetDependency;
			target = 1D10F5312089A7E10029A2A1 /* ContainerVCDemo */;
			targetProxy = 1D10F5522089A7E40029A2A1 /* PBXContainerItemProxy */;
		};
/* End PBXTargetDependency section */

/* Begin PBXVariantGroup section */
		1D10F5392089A7E10029A2A1 /* Main.storyboard */ = {
			isa = PBXVariantGroup;
			children = (
				1D10F53A2089A7E10029A2A1 /* Base */,
			);
			name = Main.storyboard;
			sourceTree = "<group>";
		};
		1D10F53E2089A7E40029A2A1 /* LaunchScreen.storyboard */ = {
			isa = PBXVariantGroup;
			children = (
				1D10F53F2089A7E40029A2A1 /* Base */,
			);
			name = LaunchScreen.storyboard;
			sourceTree = "<group>";
		};
/* End PBXVariantGroup section */

/* Begin XCBuildConfiguration section */
		1D10F5582089A7E40029A2A1 /* Debug */ = {
			isa = XCBuildConfiguration;
			buildSettings = {
				ALWAYS_SEARCH_USER_PATHS = NO;
				CLANG_ANALYZER_NONNULL = YES;
				CLANG_ANALYZER_NUMBER_OBJECT_CONVERSION = YES_AGGRESSIVE;
				CLANG_CXX_LANGUAGE_STANDARD = "gnu++14";
				CLANG_CXX_LIBRARY = "libc++";
				CLANG_ENABLE_MODULES = YES;
				CLANG_ENABLE_OBJC_ARC = YES;
				CLANG_ENABLE_OBJC_WEAK = YES;
				CLANG_WARN_BLOCK_CAPTURE_AUTORELEASING = YES;
				CLANG_WARN_BOOL_CONVERSION = YES;
				CLANG_WARN_COMMA = YES;
				CLANG_WARN_CONSTANT_CONVERSION = YES;
				CLANG_WARN_DEPRECATED_OBJC_IMPLEMENTATIONS = YES;
				CLANG_WARN_DIRECT_OBJC_ISA_USAGE = YES_ERROR;
				CLANG_WARN_DOCUMENTATION_COMMENTS = YES;
				CLANG_WARN_EMPTY_BODY = YES;
				CLANG_WARN_ENUM_CONVERSION = YES;
				CLANG_WARN_INFINITE_RECURSION = YES;
				CLANG_WARN_INT_CONVERSION = YES;
				CLANG_WARN_NON_LITERAL_NULL_CONVERSION = YES;
				CLANG_WARN_OBJC_IMPLICIT_RETAIN_SELF = YES;
				CLANG_WARN_OBJC_LITERAL_CONVERSION = YES;
				CLANG_WARN_OBJC_ROOT_CLASS = YES_ERROR;
				CLANG_WARN_RANGE_LOOP_ANALYSIS = YES;
				CLANG_WARN_STRICT_PROTOTYPES = YES;
				CLANG_WARN_SUSPICIOUS_MOVE = YES;
				CLANG_WARN_UNGUARDED_AVAILABILITY = YES_AGGRESSIVE;
				CLANG_WARN_UNREACHABLE_CODE = YES;
				CLANG_WARN__DUPLICATE_METHOD_MATCH = YES;
				CODE_SIGN_IDENTITY = "iPhone Developer";
				COPY_PHASE_STRIP = NO;
				DEBUG_INFORMATION_FORMAT = dwarf;
				ENABLE_STRICT_OBJC_MSGSEND = YES;
				ENABLE_TESTABILITY = YES;
				GCC_C_LANGUAGE_STANDARD = gnu11;
				GCC_DYNAMIC_NO_PIC = NO;
				GCC_NO_COMMON_BLOCKS = YES;
				GCC_OPTIMIZATION_LEVEL = 0;
				GCC_PREPROCESSOR_DEFINITIONS = (
					"DEBUG=1",
					"$(inherited)",
				);
				GCC_WARN_64_TO_32_BIT_CONVERSION = YES;
				GCC_WARN_ABOUT_RETURN_TYPE = YES_ERROR;
				GCC_WARN_UNDECLARED_SELECTOR = YES;
				GCC_WARN_UNINITIALIZED_AUTOS = YES_AGGRESSIVE;
				GCC_WARN_UNUSED_FUNCTION = YES;
				GCC_WARN_UNUSED_VARIABLE = YES;
				IPHONEOS_DEPLOYMENT_TARGET = 11.3;
				MTL_ENABLE_DEBUG_INFO = YES;
				ONLY_ACTIVE_ARCH = YES;
				SDKROOT = iphoneos;
				SWIFT_ACTIVE_COMPILATION_CONDITIONS = DEBUG;
				SWIFT_OPTIMIZATION_LEVEL = "-Onone";
			};
			name = Debug;
		};
		1D10F5592089A7E40029A2A1 /* Release */ = {
			isa = XCBuildConfiguration;
			buildSettings = {
				ALWAYS_SEARCH_USER_PATHS = NO;
				CLANG_ANALYZER_NONNULL = YES;
				CLANG_ANALYZER_NUMBER_OBJECT_CONVERSION = YES_AGGRESSIVE;
				CLANG_CXX_LANGUAGE_STANDARD = "gnu++14";
				CLANG_CXX_LIBRARY = "libc++";
				CLANG_ENABLE_MODULES = YES;
				CLANG_ENABLE_OBJC_ARC = YES;
				CLANG_ENABLE_OBJC_WEAK = YES;
				CLANG_WARN_BLOCK_CAPTURE_AUTORELEASING = YES;
				CLANG_WARN_BOOL_CONVERSION = YES;
				CLANG_WARN_COMMA = YES;
				CLANG_WARN_CONSTANT_CONVERSION = YES;
				CLANG_WARN_DEPRECATED_OBJC_IMPLEMENTATIONS = YES;
				CLANG_WARN_DIRECT_OBJC_ISA_USAGE = YES_ERROR;
				CLANG_WARN_DOCUMENTATION_COMMENTS = YES;
				CLANG_WARN_EMPTY_BODY = YES;
				CLANG_WARN_ENUM_CONVERSION = YES;
				CLANG_WARN_INFINITE_RECURSION = YES;
				CLANG_WARN_INT_CONVERSION = YES;
				CLANG_WARN_NON_LITERAL_NULL_CONVERSION = YES;
				CLANG_WARN_OBJC_IMPLICIT_RETAIN_SELF = YES;
				CLANG_WARN_OBJC_LITERAL_CONVERSION = YES;
				CLANG_WARN_OBJC_ROOT_CLASS = YES_ERROR;
				CLANG_WARN_RANGE_LOOP_ANALYSIS = YES;
				CLANG_WARN_STRICT_PROTOTYPES = YES;
				CLANG_WARN_SUSPICIOUS_MOVE = YES;
				CLANG_WARN_UNGUARDED_AVAILABILITY = YES_AGGRESSIVE;
				CLANG_WARN_UNREACHABLE_CODE = YES;
				CLANG_WARN__DUPLICATE_METHOD_MATCH = YES;
				CODE_SIGN_IDENTITY = "iPhone Developer";
				COPY_PHASE_STRIP = NO;
				DEBUG_INFORMATION_FORMAT = "dwarf-with-dsym";
				ENABLE_NS_ASSERTIONS = NO;
				ENABLE_STRICT_OBJC_MSGSEND = YES;
				GCC_C_LANGUAGE_STANDARD = gnu11;
				GCC_NO_COMMON_BLOCKS = YES;
				GCC_WARN_64_TO_32_BIT_CONVERSION = YES;
				GCC_WARN_ABOUT_RETURN_TYPE = YES_ERROR;
				GCC_WARN_UNDECLARED_SELECTOR = YES;
				GCC_WARN_UNINITIALIZED_AUTOS = YES_AGGRESSIVE;
				GCC_WARN_UNUSED_FUNCTION = YES;
				GCC_WARN_UNUSED_VARIABLE = YES;
				IPHONEOS_DEPLOYMENT_TARGET = 11.3;
				MTL_ENABLE_DEBUG_INFO = NO;
				SDKROOT = iphoneos;
				SWIFT_COMPILATION_MODE = wholemodule;
				SWIFT_OPTIMIZATION_LEVEL = "-O";
				VALIDATE_PRODUCT = YES;
			};
			name = Release;
		};
		1D10F55B2089A7E40029A2A1 /* Debug */ = {
			isa = XCBuildConfiguration;
			buildSettings = {
				ASSETCATALOG_COMPILER_APPICON_NAME = AppIcon;
				CODE_SIGN_STYLE = Automatic;
				DEVELOPMENT_TEAM = QAQ8SZ45S3;
				INFOPLIST_FILE = ContainerVCDemo/Info.plist;
				LD_RUNPATH_SEARCH_PATHS = (
					"$(inherited)",
					"@executable_path/Frameworks",
				);
				PRODUCT_BUNDLE_IDENTIFIER = com.exilant.ContainerVCDemo;
				PRODUCT_NAME = "$(TARGET_NAME)";
				SWIFT_VERSION = 4.0;
				TARGETED_DEVICE_FAMILY = "1,2";
			};
			name = Debug;
		};
		1D10F55C2089A7E40029A2A1 /* Release */ = {
			isa = XCBuildConfiguration;
			buildSettings = {
				ASSETCATALOG_COMPILER_APPICON_NAME = AppIcon;
				CODE_SIGN_STYLE = Automatic;
				DEVELOPMENT_TEAM = QAQ8SZ45S3;
				INFOPLIST_FILE = ContainerVCDemo/Info.plist;
				LD_RUNPATH_SEARCH_PATHS = (
					"$(inherited)",
					"@executable_path/Frameworks",
				);
				PRODUCT_BUNDLE_IDENTIFIER = com.exilant.ContainerVCDemo;
				PRODUCT_NAME = "$(TARGET_NAME)";
				SWIFT_VERSION = 4.0;
				TARGETED_DEVICE_FAMILY = "1,2";
			};
			name = Release;
		};
		1D10F55E2089A7E40029A2A1 /* Debug */ = {
			isa = XCBuildConfiguration;
			buildSettings = {
				ALWAYS_EMBED_SWIFT_STANDARD_LIBRARIES = YES;
				BUNDLE_LOADER = "$(TEST_HOST)";
				CODE_SIGN_STYLE = Automatic;
				DEVELOPMENT_TEAM = QAQ8SZ45S3;
				INFOPLIST_FILE = ContainerVCDemoTests/Info.plist;
				LD_RUNPATH_SEARCH_PATHS = (
					"$(inherited)",
					"@executable_path/Frameworks",
					"@loader_path/Frameworks",
				);
				PRODUCT_BUNDLE_IDENTIFIER = com.exilant.ContainerVCDemoTests;
				PRODUCT_NAME = "$(TARGET_NAME)";
				SWIFT_VERSION = 4.0;
				TARGETED_DEVICE_FAMILY = "1,2";
				TEST_HOST = "$(BUILT_PRODUCTS_DIR)/ContainerVCDemo.app/ContainerVCDemo";
			};
			name = Debug;
		};
		1D10F55F2089A7E40029A2A1 /* Release */ = {
			isa = XCBuildConfiguration;
			buildSettings = {
				ALWAYS_EMBED_SWIFT_STANDARD_LIBRARIES = YES;
				BUNDLE_LOADER = "$(TEST_HOST)";
				CODE_SIGN_STYLE = Automatic;
				DEVELOPMENT_TEAM = QAQ8SZ45S3;
				INFOPLIST_FILE = ContainerVCDemoTests/Info.plist;
				LD_RUNPATH_SEARCH_PATHS = (
					"$(inherited)",
					"@executable_path/Frameworks",
					"@loader_path/Frameworks",
				);
				PRODUCT_BUNDLE_IDENTIFIER = com.exilant.ContainerVCDemoTests;
				PRODUCT_NAME = "$(TARGET_NAME)";
				SWIFT_VERSION = 4.0;
				TARGETED_DEVICE_FAMILY = "1,2";
				TEST_HOST = "$(BUILT_PRODUCTS_DIR)/ContainerVCDemo.app/ContainerVCDemo";
			};
			name = Release;
		};
		1D10F5612089A7E40029A2A1 /* Debug */ = {
			isa = XCBuildConfiguration;
			buildSettings = {
				ALWAYS_EMBED_SWIFT_STANDARD_LIBRARIES = YES;
				CODE_SIGN_STYLE = Automatic;
				DEVELOPMENT_TEAM = QAQ8SZ45S3;
				INFOPLIST_FILE = ContainerVCDemoUITests/Info.plist;
				LD_RUNPATH_SEARCH_PATHS = (
					"$(inherited)",
					"@executable_path/Frameworks",
					"@loader_path/Frameworks",
				);
				PRODUCT_BUNDLE_IDENTIFIER = com.exilant.ContainerVCDemoUITests;
				PRODUCT_NAME = "$(TARGET_NAME)";
				SWIFT_VERSION = 4.0;
				TARGETED_DEVICE_FAMILY = "1,2";
				TEST_TARGET_NAME = ContainerVCDemo;
			};
			name = Debug;
		};
		1D10F5622089A7E40029A2A1 /* Release */ = {
			isa = XCBuildConfiguration;
			buildSettings = {
				ALWAYS_EMBED_SWIFT_STANDARD_LIBRARIES = YES;
				CODE_SIGN_STYLE = Automatic;
				DEVELOPMENT_TEAM = QAQ8SZ45S3;
				INFOPLIST_FILE = ContainerVCDemoUITests/Info.plist;
				LD_RUNPATH_SEARCH_PATHS = (
					"$(inherited)",
					"@executable_path/Frameworks",
					"@loader_path/Frameworks",
				);
				PRODUCT_BUNDLE_IDENTIFIER = com.exilant.ContainerVCDemoUITests;
				PRODUCT_NAME = "$(TARGET_NAME)";
				SWIFT_VERSION = 4.0;
				TARGETED_DEVICE_FAMILY = "1,2";
				TEST_TARGET_NAME = ContainerVCDemo;
			};
			name = Release;
		};
/* End XCBuildConfiguration section */

/* Begin XCConfigurationList section */
		1D10F52D2089A7E10029A2A1 /* Build configuration list for PBXProject "ContainerVCDemo" */ = {
			isa = XCConfigurationList;
			buildConfigurations = (
				1D10F5582089A7E40029A2A1 /* Debug */,
				1D10F5592089A7E40029A2A1 /* Release */,
			);
			defaultConfigurationIsVisible = 0;
			defaultConfigurationName = Release;
		};
		1D10F55A2089A7E40029A2A1 /* Build configuration list for PBXNativeTarget "ContainerVCDemo" */ = {
			isa = XCConfigurationList;
			buildConfigurations = (
				1D10F55B2089A7E40029A2A1 /* Debug */,
				1D10F55C2089A7E40029A2A1 /* Release */,
			);
			defaultConfigurationIsVisible = 0;
			defaultConfigurationName = Release;
		};
		1D10F55D2089A7E40029A2A1 /* Build configuration list for PBXNativeTarget "ContainerVCDemoTests" */ = {
			isa = XCConfigurationList;
			buildConfigurations = (
				1D10F55E2089A7E40029A2A1 /* Debug */,
				1D10F55F2089A7E40029A2A1 /* Release */,
			);
			defaultConfigurationIsVisible = 0;
			defaultConfigurationName = Release;
		};
		1D10F5602089A7E40029A2A1 /* Build configuration list for PBXNativeTarget "ContainerVCDemoUITests" */ = {
			isa = XCConfigurationList;
			buildConfigurations = (
				1D10F5612089A7E40029A2A1 /* Debug */,
				1D10F5622089A7E40029A2A1 /* Release */,
			);
			defaultConfigurationIsVisible = 0;
			defaultConfigurationName = Release;
		};
/* End XCConfigurationList section */
	};
	rootObject = 1D10F52A2089A7E10029A2A1 /* Project object */;
}
